
Microsoft Visual Studio Solution File, Format Version 12.00
# Visual Studio Version 16
VisualStudioVersion = 16.0.29613.14
MinimumVisualStudioVersion = 10.0.40219.1
Project("{FAE04EC0-301F-11D3-BF4B-00C04F79EFBC}") = "InheritanceAggregationExample", "InheritanceAggregationExample\InheritanceAggregationExample.csproj", "{FEA40C11-E8E7-4C1D-9726-437C80EE7219}"
EndProject
Project("{FAE04EC0-301F-11D3-BF4B-00C04F79EFBC}") = "DelegatesExample", "DelegatesExample\DelegatesExample.csproj", "{06B0A38E-3788-4995-9923-765A30C7655A}"
EndProject
Global
	GlobalSection(SolutionConfigurationPlatforms) = preSolution
		Debug|Any CPU = Debug|Any CPU
		Release|Any CPU = Release|Any CPU
	EndGlobalSection
	GlobalSection(ProjectConfigurationPlatforms) = postSolution
		{FEA40C11-E8E7-4C1D-9726-437C80EE7219}.Debug|Any CPU.ActiveCfg = Debug|Any CPU
		{FEA40C11-E8E7-4C1D-9726-437C80EE7219}.Debug|Any CPU.Build.0 = Debug|Any CPU
		{FEA40C11-E8E7-4C1D-9726-437C80EE7219}.Release|Any CPU.ActiveCfg = Release|Any CPU
		{FEA40C11-E8E7-4C1D-9726-437C80EE7219}.Release|Any CPU.Build.0 = Release|Any CPU
		{06B0A38E-3788-4995-9923-765A30C7655A}.Debug|Any CPU.ActiveCfg = Debug|Any CPU
		{06B0A38E-3788-4995-9923-765A30C7655A}.Debug|Any CPU.Build.0 = Debug|Any CPU
		{06B0A38E-3788-4995-9923-765A30C7655A}.Release|Any CPU.ActiveCfg = Release|Any CPU
		{06B0A38E-3788-4995-9923-765A30C7655A}.Release|Any CPU.Build.0 = Release|Any CPU
	EndGlobalSection
	GlobalSection(SolutionProperties) = preSolution
		HideSolutionNode = FALSE
	EndGlobalSection
	GlobalSection(ExtensibilityGlobals) = postSolution
		SolutionGuid = {E648181C-8243-4A2D-ABCB-1CE1F6E8D971}
	EndGlobalSection
EndGlobal
